{
  "lockfileVersion": 1,
  "configVersion": 1,
  "workspaces": {
    "": {
      "name": "kazimo",
      "devDependencies": {
        "@biomejs/biome": "^2.2.0",
        "@types/bun": "^1.3.0",
        "typescript": "^7.0.0",
      },
    },
    "packages/kazimod": {
      "name": "@kazimo/kazimod",
      "version": "0.0.1",
      "dependencies": {
        "@effect/ai-openai-compat": "4.0.0-rc.109",
        "@effect/platform-bun": "4.0.0-rc.109",
        "@kazimo/shared": "workspace:*",
        "effect": "4.0.0-rc.109",
        "onnxruntime-node": "1.28.0-dev.20260624-ba45260eed",
        "sharp": "^0.35.3",
      },
    },
    "packages/kiosk": {
      "name": "@kazimo/kiosk",
      "version": "0.0.1",
      "dependencies": {
        "@element-hq/element-call-embedded": "0.23.0",
        "@kazimo/shared": "workspace:*",
        "@matrix-org/matrix-sdk-crypto-wasm": "^18.5.0",
        "lucide-react": "^1.31.0",
        "matrix-encrypt-attachment": "1.0.3",
        "matrix-js-sdk": "42.1.0",
        "matrix-widget-api": "1.18.0",
        "react": "^19.1.0",
        "react-dom": "^19.1.0",
      },
      "devDependencies": {
        "@types/react": "^19.1.0",
        "@types/react-dom": "^19.1.0",
      },
    },
    "packages/shared": {
      "name": "@kazimo/shared",
      "version": "0.0.1",
    },
  },
  "trustedDependencies": [
    "onnxruntime-node",
  ],
  "packages": {
    "@babel/runtime": ["@babel/runtime@8.0.0", "", {}, "sha512-sL6cvO2IfkSu/iU+zs2S/w01B7A8V7suXSIKEN4hPFFdZoiPGxrj5pAG0lCaqLWiEIrjKzdznIWuaLcxPR53qw=="],

    "@biomejs/biome": ["@biomejs/biome@2.5.9", "", { "optionalDependencies": { "@biomejs/cli-darwin-arm64": "2.5.9", "@biomejs/cli-darwin-x64": "2.5.9", "@biomejs/cli-linux-arm64": "2.5.9", "@biomejs/cli-linux-arm64-musl": "2.5.9", "@biomejs/cli-linux-x64": "2.5.9", "@biomejs/cli-linux-x64-musl": "2.5.9", "@biomejs/cli-win32-arm64": "2.5.9", "@biomejs/cli-win32-x64": "2.5.9" }, "bin": { "biome": "bin/biome" } }, "sha512-KkgCvdHB4IhtpHpF564plA9jo6fDOwWGQ/3jvreLzgOtRLEDoPqr7QO9qejNA8jKwDsSkAKr77hqBHnyUbIw4g=="],

    "@biomejs/cli-darwin-arm64": ["@biomejs/cli-darwin-arm64@2.5.9", "", { "os": "darwin", "cpu": "arm64" }, "sha512-am22pX2aBqznqq1eMyIj/bZ++riF3Lk6ct7cbv+gQK0csFhr+d8O0RkOi2FF2qSgFgANbqNkIZ0/PxlnW2pLFg=="],

    "@biomejs/cli-darwin-x64": ["@biomejs/cli-darwin-x64@2.5.9", "", { "os": "darwin", "cpu": "x64" }, "sha512-l44KWDHLDvEnD0N/XcrVs7VXb3A18xL7QS3WB0eL93wbmk529ffIG55vleGCqaunpRUjLrdnjK05Qki1dsjylg=="],

    "@biomejs/cli-linux-arm64": ["@biomejs/cli-linux-arm64@2.5.9", "", { "os": "linux", "cpu": "arm64" }, "sha512-ICaK+IYaVZvKbBxX2rwrPT0DdUDMnE9Vm3nQGe+mltQPmUg19pONzkPWGdY4FCsoreDETWDynvdt4ysCbF5gNQ=="],

    "@biomejs/cli-linux-arm64-musl": ["@biomejs/cli-linux-arm64-musl@2.5.9", "", { "os": "linux", "cpu": "arm64" }, "sha512-7ImVPwBLCtkmpR5esd8RHhTqW94f0JLJQum6AneYcy94jRm18TaPPm7slaigGzFhfgt3QiD1Vj52LKmBAnKizA=="],

    "@biomejs/cli-linux-x64": ["@biomejs/cli-linux-x64@2.5.9", "", { "os": "linux", "cpu": "x64" }, "sha512-z22Q/zFYSvbIJfW1CbfZPu4X8PddS6Qd2ORbc6h+aT6EcwAxUF3m6fA4HjNvA3TU4X0dTJRwNPB165ES3PJXzg=="],

    "@biomejs/cli-linux-x64-musl": ["@biomejs/cli-linux-x64-musl@2.5.9", "", { "os": "linux", "cpu": "x64" }, "sha512-RXGaD0o1/pTTguYw1aeDJh9ad6Lfrui0fI7mBderTyGr7WuUJkBIttgLkR3XJyoxOkkgfBDspaUT8wXArTqLZw=="],

    "@biomejs/cli-win32-arm64": ["@biomejs/cli-win32-arm64@2.5.9", "", { "os": "win32", "cpu": "arm64" }, "sha512-nHK+/HHC+D0ogAHUxomgoSTdjImb6fmNNVTKmf0tyu4eDL1DqPKIHc+i+UL8+b0RnAu8224qo8F2tCVnaT0A3w=="],

    "@biomejs/cli-win32-x64": ["@biomejs/cli-win32-x64@2.5.9", "", { "os": "win32", "cpu": "x64" }, "sha512-Yiq0H56LjXSSw/hd9YkXgSLQfzyDJzbzU2TezozxyNw+uKWAqOtqGVvBfzKRRDiaFF5avGAhHdWKx7LtDOShUw=="],

    "@effect/ai-openai-compat": ["@effect/ai-openai-compat@4.0.0-rc.109", "", { "peerDependencies": { "effect": "^4.0.0-rc.109" } }, "sha512-bA+1NOKJZvmNlLDFMWewTHNVW5fnEIJGyXtgQxT1LZs9l7MDCO9XIGj9Wuk9wRDuje0jkyP+kNyQLiUADuFwDQ=="],

    "@effect/platform-bun": ["@effect/platform-bun@4.0.0-rc.109", "", { "dependencies": { "@effect/platform-node-shared": "^4.0.0-rc.109" }, "peerDependencies": { "effect": "^4.0.0-rc.109" } }, "sha512-fOOGilEBTKOYjRrOcblSiX5GdQOmR46ETTyMmkQoqYhmx+iAMKImM5YoCm10QDMWtbzerT4oeDKUJivXvOC20w=="],

    "@effect/platform-node-shared": ["@effect/platform-node-shared@4.0.0-rc.109", "", { "dependencies": { "@types/ws": "^8.18.1", "ws": "^8.21.0" }, "peerDependencies": { "effect": "^4.0.0-rc.109" } }, "sha512-jhZJnf81N7Z5+Z41Qr0cKT75WzGu6M1W05xrSdu/V8PK0kSFtU5hJMBxSGDWNlgWhBwK0WRZtnMHY8HLdONg1w=="],

    "@element-hq/element-call-embedded": ["@element-hq/element-call-embedded@0.23.0", "", {}, "sha512-ElaJW7iaMBUg50bso+k6WGkQp9afyZz67hdJ5VRarJe3PHswIuI2xrFd34tslbI9ctQdjoDb3gRx/qlMYDKq9g=="],

    "@emnapi/runtime": ["@emnapi/runtime@1.11.3", "", { "dependencies": { "tslib": "^2.4.0" } }, "sha512-Xz4Tpyki7XyrpbUK1jR1AhdAdaXyhhY4lZ3neLodmhpuWfy2PAQN5B46sAiU4liOXGLkHypn/qU+jvfWSCYYLA=="],

    "@img/colour": ["@img/colour@1.1.0", "", {}, "sha512-Td76q7j57o/tLVdgS746cYARfSyxk8iEfRxewL9h4OMzYhbW4TAcppl0mT4eyqXddh6L/jwoM75mo7ixa/pCeQ=="],

    "@img/sharp-darwin-arm64": ["@img/sharp-darwin-arm64@0.35.3", "", { "optionalDependencies": { "@img/sharp-libvips-darwin-arm64": "1.3.2" }, "os": "darwin", "cpu": "arm64" }, "sha512-RMnFX7YQsMoh7lWfcM4NEHHymBX/rLuKNPVM84XE9ONPcaSCDgE7CHIHpSgPcO2xcRthgBy1HfNO319mwhIAkg=="],

    "@img/sharp-darwin-x64": ["@img/sharp-darwin-x64@0.35.3", "", { "optionalDependencies": { "@img/sharp-libvips-darwin-x64": "1.3.2" }, "os": "darwin", "cpu": "x64" }, "sha512-Xo+5uFBtLN0BKqieTxiFzFPQAUlBbbH5iBKyRX/z1JrbnYsHTfKJnUfL8+p2TPXr1pXqao4eeL4Rl144uDpK9w=="],

    "@img/sharp-freebsd-wasm32": ["@img/sharp-freebsd-wasm32@0.35.3", "", { "dependencies": { "@img/sharp-wasm32": "0.35.3" }, "os": "freebsd" }, "sha512-lUxcqWIj2wMQ9BrwNjngcr1gWUr5xgaGThBRqPPalIC2n67Cqj1uPh8NnA/ZhAg8hUbKl+kVHKwgUIwe6ZYPrg=="],

    "@img/sharp-libvips-darwin-arm64": ["@img/sharp-libvips-darwin-arm64@1.3.2", "", { "os": "darwin", "cpu": "arm64" }, "sha512-9J6ypZFpQBj4YnePGoq/S38w6nz+vqg5WZLrLGY4YuSemdMq47GMLBPO42MzwdGwpg/agZ7xzZcFHa48xlywfg=="],

    "@img/sharp-libvips-darwin-x64": ["@img/sharp-libvips-darwin-x64@1.3.2", "", { "os": "darwin", "cpu": "x64" }, "sha512-m2pW1n6cns9VaubNwsZ+c3CRYjxNQWgJ5gPlnL1nbBcpkBvFm6SCFN5o0psFHI8w9n11NKhFkeEDns98tiqbEw=="],

    "@img/sharp-libvips-linux-arm": ["@img/sharp-libvips-linux-arm@1.3.2", "", { "os": "linux", "cpu": "arm" }, "sha512-1eMLzy92I4J6rmi4mAT8yC3HxOtniyGELlzGbNMLLeqe052ahFQ0h6LFq+lh5DsDIdYViIDst08abvSbcEdLXQ=="],

    "@img/sharp-libvips-linux-arm64": ["@img/sharp-libvips-linux-arm64@1.3.2", "", { "os": "linux", "cpu": "arm64" }, "sha512-dqVSFynCox4C/J8kT16V7SIFAns0IjgLwkvYT7p8LQVmJ5OS5b6tI9IGflxTeuBS//zXeFIUbwt5dwxyZ17cnA=="],

    "@img/sharp-libvips-linux-ppc64": ["@img/sharp-libvips-linux-ppc64@1.3.2", "", { "os": "linux", "cpu": "ppc64" }, "sha512-3z0NHDxD6n5I9gc05U1eW1AyRm+Gznzq3naMrthPNqE6oYykcogW0l/jfpJdjYnuNl8R7yI9pNbE1XiUeyq0Aw=="],

    "@img/sharp-libvips-linux-riscv64": ["@img/sharp-libvips-linux-riscv64@1.3.2", "", { "os": "linux", "cpu": "none" }, "sha512-bsb4rI+NldGOsXuej2r8OdSS8+zXDVaCWxyWrcv6kneTOlgAHtZABRzBBCwdsPiD90J4myNJuHpg6kA20ImW/w=="],

    "@img/sharp-libvips-linux-s390x": ["@img/sharp-libvips-linux-s390x@1.3.2", "", { "os": "linux", "cpu": "s390x" }, "sha512-/ABshyj8gCpyIrNXnHn4LorDJ0HHm1VhXPBlxZ8zAtfVPAaSafXPGn+sUSIRiwaSBy0mmFjSjiXI5mkcwdChKQ=="],

    "@img/sharp-libvips-linux-x64": ["@img/sharp-libvips-linux-x64@1.3.2", "", { "os": "linux", "cpu": "x64" }, "sha512-ITPEtgffGJ0S6G9dRyw/366tJQqFRcHWPHhC+Stpg3Z8AEMrDrTr2lhdz4f/Y/HMbRh//7Z5mBzEpVdi62Oc3w=="],

    "@img/sharp-libvips-linuxmusl-arm64": ["@img/sharp-libvips-linuxmusl-arm64@1.3.2", "", { "os": "linux", "cpu": "arm64" }, "sha512-zE9EdiUzUmg5mDT5a1rk5fYJ6GWPloTwWBYDS14naqHsL+EaMpDj1AWnpLgh3u0YCORv2Tt50wrcrpYqkP97Kw=="],

    "@img/sharp-libvips-linuxmusl-x64": ["@img/sharp-libvips-linuxmusl-x64@1.3.2", "", { "os": "linux", "cpu": "x64" }, "sha512-m0lrLiUt+lBYnCFr8qV/65yMR4E/c7/wf78I5eKTdkEakFAlZ9QlzEM3QIhhAwVeUhLAHLcCq7a7Vszq/oFNZQ=="],

    "@img/sharp-linux-arm": ["@img/sharp-linux-arm@0.35.3", "", { "optionalDependencies": { "@img/sharp-libvips-linux-arm": "1.3.2" }, "os": "linux", "cpu": "arm" }, "sha512-affVWCTLooy8TSxbDx2qkzuDeaWLNVBA+P//FNBirHsXpP2fuBhk5AuboYUnrDnzoXes8GFjpTx0SBFOCRg+FA=="],

    "@img/sharp-linux-arm64": ["@img/sharp-linux-arm64@0.35.3", "", { "optionalDependencies": { "@img/sharp-libvips-linux-arm64": "1.3.2" }, "os": "linux", "cpu": "arm64" }, "sha512-QgKDspHPnrU+GQ55XPhGwyhC8acLVOOSyAvo1oVfFmrIXLkDNmGWzAfDZ4xK8oSA1qBQrALcHX0G5UZni/SuFQ=="],

    "@img/sharp-linux-ppc64": ["@img/sharp-linux-ppc64@0.35.3", "", { "optionalDependencies": { "@img/sharp-libvips-linux-ppc64": "1.3.2" }, "os": "linux", "cpu": "ppc64" }, "sha512-sMd8rDxmpLOwv/7N44klFjOD5DUO7FLdjiXDI0hoxYaf7Ar262dQIEkosE98bps+5HPLtp/EvNqeqQtOycP/IA=="],

    "@img/sharp-linux-riscv64": ["@img/sharp-linux-riscv64@0.35.3", "", { "optionalDependencies": { "@img/sharp-libvips-linux-riscv64": "1.3.2" }, "os": "linux", "cpu": "none" }, "sha512-0Eob78yjlYPfL5vMNWAW55l3R9Y6BQS/gOfe0ZcP9mEz9ohhKSt4im1hayiknXgf8AWrFqMvJcKIdmLmEe7yeQ=="],

    "@img/sharp-linux-s390x": ["@img/sharp-linux-s390x@0.35.3", "", { "optionalDependencies": { "@img/sharp-libvips-linux-s390x": "1.3.2" }, "os": "linux", "cpu": "s390x" }, "sha512-KgAxQ0DxpNOq1rG2t5cgTgShJFGSuU7XO45cqC+1NVOuZnP6tlgZRuSYOfNupGkHID0o3cJOsw4DVeJpMovcGw=="],

    "@img/sharp-linux-x64": ["@img/sharp-linux-x64@0.35.3", "", { "optionalDependencies": { "@img/sharp-libvips-linux-x64": "1.3.2" }, "os": "linux", "cpu": "x64" }, "sha512-8pqvxubL2PGdhlPy6GLqzDYMUjyRmKAwKHYKixpdJYBUK7PJ0C029XdsnpFIdgRZG68fZiGdHVWcKPvtiPB4cA=="],

    "@img/sharp-linuxmusl-arm64": ["@img/sharp-linuxmusl-arm64@0.35.3", "", { "optionalDependencies": { "@img/sharp-libvips-linuxmusl-arm64": "1.3.2" }, "os": "linux", "cpu": "arm64" }, "sha512-Vz0iQjzzcSX3HCbfwFfCSG/9SCIqyO0mH2sXyiHaAYfBk0cRsCWXRyQYX0ovCK/PAQBbTzQ0dsPQHh5MAFL59w=="],

    "@img/sharp-linuxmusl-x64": ["@img/sharp-linuxmusl-x64@0.35.3", "", { "optionalDependencies": { "@img/sharp-libvips-linuxmusl-x64": "1.3.2" }, "os": "linux", "cpu": "x64" }, "sha512-6O1NPKcDVj9QEdg7Hx549EX8U0rp6yXQERqru6yRN7fGBn32UvIRJUlWnk+8xDCiG76hXVBbX82NZ/ZKr0euIg=="],

    "@img/sharp-wasm32": ["@img/sharp-wasm32@0.35.3", "", { "dependencies": { "@emnapi/runtime": "^1.11.1" } }, "sha512-cZ0XkcYGpHZkqW6iCkqTcmUC0CD9DhD5d/qeZlZkfRBn6GnHniZXLUo5+9xw8Iv76YE6LQFN9YNBlKREcCG76w=="],

    "@img/sharp-webcontainers-wasm32": ["@img/sharp-webcontainers-wasm32@0.35.3", "", { "dependencies": { "@img/sharp-wasm32": "0.35.3" }, "cpu": "none" }, "sha512-2rnq7bX3NzeR2T4YWgz8qiG4h3TSdMe+vN1iQXpJleSJ3SM5zQ8Fy2SyyXAWlbxpEZ2Y+Z4u1BePgJEYbSy80Q=="],

    "@img/sharp-win32-arm64": ["@img/sharp-win32-arm64@0.35.3", "", { "os": "win32", "cpu": "arm64" }, "sha512-4bPwFdMbeC4JQ8L8LOyWp6nsHcboP5fxkp6iPOXz2Vg49R42TuMs2whkJ5OAP4/Ul035qOzy0AecOF9VOscn4w=="],

    "@img/sharp-win32-ia32": ["@img/sharp-win32-ia32@0.35.3", "", { "os": "win32", "cpu": "ia32" }, "sha512-r53mXsBN6lFUDiST764SvgwUdHAqM4rPAiDzAmf4fLoB6X/rkfyTrLCg6+g17wJJiCmB3JYgHuUldCWUIRFSXw=="],

    "@img/sharp-win32-x64": ["@img/sharp-win32-x64@0.35.3", "", { "os": "win32", "cpu": "x64" }, "sha512-D4y1vNeZrIIJCN+uHaWVtH86B+aCrdMYYjicy9pXHvbGZeGYLLSd3wdVuC37FxVXlU1ARsk84eKWfWMXGYEqvA=="],

    "@kazimo/kazimod": ["@kazimo/kazimod@workspace:packages/kazimod"],

    "@kazimo/kiosk": ["@kazimo/kiosk@workspace:packages/kiosk"],

    "@kazimo/shared": ["@kazimo/shared@workspace:packages/shared"],

    "@matrix-org/matrix-sdk-crypto-wasm": ["@matrix-org/matrix-sdk-crypto-wasm@18.5.0", "", {}, "sha512-E826Hy1rG26LanPjtSsOiVRcVoHfSgPgj2r2Xsb5RPScpaKi9XJADQ0u3dNjRCitZPX4oyLNl1FDd5AfDlmIwQ=="],

    "@msgpackr-extract/msgpackr-extract-darwin-arm64": ["@msgpackr-extract/msgpackr-extract-darwin-arm64@3.0.4", "", { "os": "darwin", "cpu": "arm64" }, "sha512-LCkGo6JDfaBhgST7UpPWgNgLINpcpabaHfyz5OBx75nUYxBsaEPxjnyNjWpeb/xBup/682QnBfRBy2/LvPutZQ=="],

    "@msgpackr-extract/msgpackr-extract-darwin-x64": ["@msgpackr-extract/msgpackr-extract-darwin-x64@3.0.4", "", { "os": "darwin", "cpu": "x64" }, "sha512-zExlW9zUJKZH/tOtVMttwjKa4Xm/3KcNjnE3dPN92uCktwavMxpgCA3MoJK/DOnTWsQgo224OaST27/mPNAf+w=="],

    "@msgpackr-extract/msgpackr-extract-linux-arm": ["@msgpackr-extract/msgpackr-extract-linux-arm@3.0.4", "", { "os": "linux", "cpu": "arm" }, "sha512-Tg3yX65f5GbtXLkrYEHE5oibZG9epyYWas7FogTTEJeDEF9JlXJzKgXaNhT3UXlTOeA+AfZpYZYZ0uPj7Cfquw=="],

    "@msgpackr-extract/msgpackr-extract-linux-arm64": ["@msgpackr-extract/msgpackr-extract-linux-arm64@3.0.4", "", { "os": "linux", "cpu": "arm64" }, "sha512-dgX0P/9wGPJeHFBG+ZmhgE6bmtMt7NP5CRBGyyktpopdk/mW4POnrpQsSLtKI1dwpc+pPLuXHDh6vvskyQE/sw=="],

    "@msgpackr-extract/msgpackr-extract-linux-x64": ["@msgpackr-extract/msgpackr-extract-linux-x64@3.0.4", "", { "os": "linux", "cpu": "x64" }, "sha512-8TNXMEjJc3QEy7R/x1INhgiU+XakDAFUzBhaz7+Rbrs8NH5UQeHQxxmzsSBJGyV6I1jW79undiQm8tOI+D+8FQ=="],

    "@msgpackr-extract/msgpackr-extract-win32-x64": ["@msgpackr-extract/msgpackr-extract-win32-x64@3.0.4", "", { "os": "win32", "cpu": "x64" }, "sha512-CmCXPQrkbwExx3j946/PtHWHbYJiCRBRDl4BlkRQcJB/YOwQxJRTpoo7aTsortjgoJ1x7opzTSxn7C+ASSLVjQ=="],

    "@standard-schema/spec": ["@standard-schema/spec@1.1.0", "", {}, "sha512-l2aFy5jALhniG5HgqrD6jXLi/rUWrKvqN/qJx6yoJsgKhblVd+iqqU4RCXavm/jPityDo5TCvKMnpjKnOriy0w=="],

    "@types/bun": ["@types/bun@1.3.14", "", { "dependencies": { "bun-types": "1.3.14" } }, "sha512-h1hFqFVcvAvD9j9K7ZW7vd82aSA+rTdznZa+5bwvCwqSB1jmmfLcbIWhOLx1/+boy/xmjgCs/OMUL8hRJSmnPw=="],

    "@types/events": ["@types/events@3.0.3", "", {}, "sha512-trOc4AAUThEz9hapPtSd7wf5tiQKvTtu5b371UxXdTuqzIh0ArcRspRP0i0Viu+LXstIQ1z96t1nsPxT9ol01g=="],

    "@types/node": ["@types/node@26.2.0", "", { "dependencies": { "undici-types": "~8.3.0" } }, "sha512-5IviulTZeRNp2vAJ514cc/HUlY5nZ9fCbq9DMyC52BrhFZACo3nI0R7qBxhQmo/d27NFe96ur/b7Wwxklda+kg=="],

    "@types/react": ["@types/react@19.2.18", "", { "dependencies": { "csstype": "^3.2.2" } }, "sha512-AnzbBERsrLKtk2XSfTbYRLjQPdy116Sty4q+T+Bp3IC4l6jNBvreVPAHmpq9qhXQM7CXZPjLVmGMw9sy+hxQ3w=="],

    "@types/react-dom": ["@types/react-dom@19.2.4", "", { "peerDependencies": { "@types/react": "^19.2.0" } }, "sha512-Bsc+QHgp+P/F02XDzNCY9jnZNCUuLki36KT7VKrTXXLdHf+vHMNZnW1rVu5DNW/rCK+fya3DATySbLM4yhtKUw=="],

    "@types/ws": ["@types/ws@8.18.1", "", { "dependencies": { "@types/node": "*" } }, "sha512-ThVF6DCVhA8kUGy+aazFQ4kXQ7E1Ty7A3ypFOe0IcJV8O/M511G99AW24irKrW56Wt44yG9+ij8FaqoBGkuBXg=="],

    "@typescript/typescript-aix-ppc64": ["@typescript/typescript-aix-ppc64@7.0.2", "", { "os": "aix", "cpu": "ppc64" }, "sha512-MTKKkWB7p/0E9xi1d1tHtZ5PiLkGEMIq88pK2CubZjOsLtYTLqhgIgi6zepFa+9GHZ6h05NMCkQxGKiPXMxXtQ=="],

    "@typescript/typescript-darwin-arm64": ["@typescript/typescript-darwin-arm64@7.0.2", "", { "os": "darwin", "cpu": "arm64" }, "sha512-gowzar9MwS/aRWp6f3a4KUqzRjAZjOsmGNCM6LcTgXum+dBfgsBVMN+AgvOCCbguXyick6LJhpBszxMebJ8syA=="],

    "@typescript/typescript-darwin-x64": ["@typescript/typescript-darwin-x64@7.0.2", "", { "os": "darwin", "cpu": "x64" }, "sha512-SZ9xZInqApNlNGc9s0W1VSsktYSOe9cFqNOIqmN1Gs8SmkjKZYFt017G4VwPxASInODuAdbTW7sXiFUf893RgA=="],

    "@typescript/typescript-freebsd-arm64": ["@typescript/typescript-freebsd-arm64@7.0.2", "", { "os": "freebsd", "cpu": "arm64" }, "sha512-W5NH4y/J0plIIS5b2xvTEkU7JFxyqdMAOgf+Ilhl0vHQXKO5dZoxd+C/jEtq56c4F3wk71RB4BMRQ2XdI+bwYQ=="],

    "@typescript/typescript-freebsd-x64": ["@typescript/typescript-freebsd-x64@7.0.2", "", { "os": "freebsd", "cpu": "x64" }, "sha512-UMGDx5sTpzNw3WiPebH7l90IWfJggEd+egHt/q6p7/Cm3zqoV7VxkGXt+3DxPIw8CcmvAB0j3sVVfbhX+M4Tpw=="],

    "@typescript/typescript-linux-arm": ["@typescript/typescript-linux-arm@7.0.2", "", { "os": "linux", "cpu": "arm" }, "sha512-gffT3xPz9sR7j/YJExkyPntrI0P2EP9XbOyWzth2/Gs0RstK+90RBcO0ncXoXy/beYll1SXw846Nf2zdnEz0QQ=="],

    "@typescript/typescript-linux-arm64": ["@typescript/typescript-linux-arm64@7.0.2", "", { "os": "linux", "cpu": "arm64" }, "sha512-Qh4eU4/y3yDjnfjjyPYihMj5/ODIlmt+Bzu17OI+fiSRDW57QmU5SiN63exPRNJPKUzcc1INa1NXdrJ+MqHjUQ=="],

    "@typescript/typescript-linux-loong64": ["@typescript/typescript-linux-loong64@7.0.2", "", { "os": "linux", "cpu": "none" }, "sha512-uEHck9i8hoAzXPiYRib1O7miOnz23SxIeVl6F4LXox+qov1K35jHcEW6VHKvZI+pyvl7fZEP4MCU5LYvIq1GuQ=="],

    "@typescript/typescript-linux-mips64el": ["@typescript/typescript-linux-mips64el@7.0.2", "", { "os": "linux", "cpu": "none" }, "sha512-R4KvAMnE43W5Qeqb0Ly56O3mWMWIAgsMyz36DCaycd5nbg/9kzm0liw3JocfRqyJY0KPmzFjbswozXyW0DnIYA=="],

    "@typescript/typescript-linux-ppc64": ["@typescript/typescript-linux-ppc64@7.0.2", "", { "os": "linux", "cpu": "ppc64" }, "sha512-DORx5b3sd/4S7eayxm4FQv+A7CrkUIGRaHiwI8oiHTAI1fAPWhF4J0vAlkC8biAlHSVVwxMQ3tjZ2/DVbnQiiA=="],

    "@typescript/typescript-linux-riscv64": ["@typescript/typescript-linux-riscv64@7.0.2", "", { "os": "linux", "cpu": "none" }, "sha512-wf0jqEDOjrPRnKwYRyyJDRo11KMbvMFrU+q4zqKyChODBzvlkbhNQfKvLxQCcwTpdDaXSHZTVuh0JoCrKCUMHQ=="],

    "@typescript/typescript-linux-s390x": ["@typescript/typescript-linux-s390x@7.0.2", "", { "os": "linux", "cpu": "s390x" }, "sha512-IkwJc3L7yhytWd/ewjyxNDfOmswCm9GWMJT/ue/dU4aZNbwZeYAetq42VyLmsmSjvoX7z74X6ZaYCtzAr0EuGw=="],

    "@typescript/typescript-linux-x64": ["@typescript/typescript-linux-x64@7.0.2", "", { "os": "linux", "cpu": "x64" }, "sha512-EYdf2cNg7rgCWJnxCdJ+F3V39O8ihb37eHAu1LK8oAFizgTQbPOK7zHHXbPt8rX24COqODXeI3sIf0fCXG7H/A=="],

    "@typescript/typescript-netbsd-arm64": ["@typescript/typescript-netbsd-arm64@7.0.2", "", { "os": "none", "cpu": "arm64" }, "sha512-+polYF4MF04aPpO5FTkHran9yUQDSXqy5GiSDKpsll5jy3l3+g9QLhpf39T+ePtefhXLOGrLl0QIjkQP6VnelA=="],

    "@typescript/typescript-netbsd-x64": ["@typescript/typescript-netbsd-x64@7.0.2", "", { "os": "none", "cpu": "x64" }, "sha512-8YIT0EHM/3dq10ZOVF/A7pc/YSMtbcecct4rWtexrnSCHOPcpC2KTLXfTCR6vDpnSiY12heNb1GiN/wu+T/FyA=="],

    "@typescript/typescript-openbsd-arm64": ["@typescript/typescript-openbsd-arm64@7.0.2", "", { "os": "openbsd", "cpu": "arm64" }, "sha512-APT8+ClYnuYm1u9+kgGXoMj2VzWzcymwh2gNSQVySHfkRDGOTVkoWLjCmOQSaO+PoqQ57B0flRp9SA+7GnnkzQ=="],

    "@typescript/typescript-openbsd-x64": ["@typescript/typescript-openbsd-x64@7.0.2", "", { "os": "openbsd", "cpu": "x64" }, "sha512-yX7s+Q0Dln0Dt9tEzZsAjXXR/+ytBM7AlglaqyeMPxQszJ1JhlJdZ6jLA+IzldHtflX81em7lDao1xXu+aRRkg=="],

    "@typescript/typescript-sunos-x64": ["@typescript/typescript-sunos-x64@7.0.2", "", { "os": "sunos", "cpu": "x64" }, "sha512-dLJDGaLZ1D4HPQn62u1n8mBDkJREwMsAkCdkwd4Ieqw+x3TUyTsqY0YiBCtE6H6OzzgGk3iuZ3vFWRS+E8/d1g=="],

    "@typescript/typescript-win32-arm64": ["@typescript/typescript-win32-arm64@7.0.2", "", { "os": "win32", "cpu": "arm64" }, "sha512-Gyl1Vy6OsWesLzmq+EP0Fb7b4Nid5232AvcA2SFcdYreldpNtYFFofPjnt62y9hQy7VTaZp65ICJjuAQRaVcIQ=="],

    "@typescript/typescript-win32-x64": ["@typescript/typescript-win32-x64@7.0.2", "", { "os": "win32", "cpu": "x64" }, "sha512-0BQ3HkAHHlKLSp1qRvf3SUhGpGsDuhB/jgFw75guyqbxJqEaS0Cw/VFO8i2nHglJUzQCRtMMR/IBAKE3ETMC4g=="],

    "adm-zip": ["adm-zip@0.5.18", "", {}, "sha512-ufJnssQGbxzLNS1Ho9bCtX4rQKCCvoVuDLHoJyc3F9dOGDB4BkWs2Ci0kv53lqocAEQ/Cbi+I2XCsNYGqVYqng=="],

    "another-json": ["another-json@0.2.0", "", {}, "sha512-/Ndrl68UQLhnCdsAzEXLMFuOR546o2qbYRqCglaNHbjXrwG1ayTcdwr3zkSGOGtGXDyR5X9nCFfnyG2AFJIsqg=="],

    "base-x": ["base-x@5.0.1", "", {}, "sha512-M7uio8Zt++eg3jPj+rHMfCC+IuygQHHCOU+IYsVtik6FWjuYpVt/+MRKcgsAMHh8mMFAwnB+Bs+mTrFiXjMzKg=="],

    "bs58": ["bs58@6.0.0", "", { "dependencies": { "base-x": "^5.0.0" } }, "sha512-PD0wEnEYg6ijszw/u8s+iI3H17cTymlrwkKhDhPZq+Sokl3AU4htyBFTjAeNAlCCmg0f53g6ih3jATyCKftTfw=="],

    "bun-types": ["bun-types@1.3.14", "", { "dependencies": { "@types/node": "*" } }, "sha512-4N0ig0fEomHt5R0KCFWjovxow98rIoRwKolrYdCcknNwMekCXRnWEUvgu5soYV8QXtVsrUD8B95MBOZGPvr6KQ=="],

    "content-type": ["content-type@2.0.0", "", {}, "sha512-j/O/d7GcZCyNl7/hwZAb606rzqkyvaDctLmckbxLzHvFBzTJHuGEdodATcP3yIRoDrLHkIATJuvzbFlp/ki2cQ=="],

    "csstype": ["csstype@3.2.3", "", {}, "sha512-z1HGKcYy2xA8AGQfwrn0PAy+PB7X/GSj3UVJW9qKyn43xWa+gl5nXmU4qqLMRzWVLFC8KusUX8T/0kCiOYpAIQ=="],

    "define-data-property": ["define-data-property@1.1.4", "", { "dependencies": { "es-define-property": "^1.0.0", "es-errors": "^1.3.0", "gopd": "^1.0.1" } }, "sha512-rBMvIzlpA8v6E+SJZoo++HAYqsLrkg7MSfIinMPFhmkorw7X+dOXVJQs+QT69zGkzMyfDnIMN2Wid1+NbL3T+A=="],

    "define-properties": ["define-properties@1.2.1", "", { "dependencies": { "define-data-property": "^1.0.1", "has-property-descriptors": "^1.0.0", "object-keys": "^1.1.1" } }, "sha512-8QmQKqEASLd5nx0U1B1okLElbUuuttJ/AnYmRXbbbGDWh6uS208EjD4Xqq/I9wK7u0v6O08XhTWnt5XtEbR6Dg=="],

    "detect-libc": ["detect-libc@2.1.2", "", {}, "sha512-Btj2BOOO83o3WyH59e8MgXsxEQVcarkUOpEYrubB0urwnN10yQ364rsiByU11nZlqWYZm05i/of7io4mzihBtQ=="],

    "effect": ["effect@4.0.0-rc.109", "", { "dependencies": { "@standard-schema/spec": "^1.1.0", "fast-check": "^4.9.0", "msgpackr": "^2.0.4" } }, "sha512-6ubcOCtfdbmFO5+vgcT2HsTw5s+n3aMUj4eAIbVpUxP7+VYCwXxxcBHgiWgizOrGO1eGmuOBFek3mM0dFcwaWA=="],

    "es-define-property": ["es-define-property@1.0.1", "", {}, "sha512-e3nRfgfUZ4rNGL232gUgX06QNyyez04KdjFrF+LTRoOXmrOgFKDg4BCdsjW8EnT69eqdYGmRpJwiPVYNrCaW3g=="],

    "es-errors": ["es-errors@1.3.0", "", {}, "sha512-Zf5H2Kxt2xjTvbJvP2ZWLEICxA6j+hAmMzIlypy4xcBg1vKVnx89Wy0GbS+kf5cwCVFFzdCFh2XSCFNULS6csw=="],

    "escape-string-regexp": ["escape-string-regexp@4.0.0", "", {}, "sha512-TtpcNJ3XAzx3Gq8sWRzJaVajRs0uVxA2YAkdb1jm2YkPz4G6egUFAyA3n5vtEIZefPk5Wa4UXbKuS5fKkJWdgA=="],

    "events": ["events@3.3.0", "", {}, "sha512-mQw+2fkQbALzQ7V0MY0IqdnXNOeTtP4r0lN9z7AAawCXgqea7bDii20AYrIBrFd/Hx0M2Ocz6S111CaFkUcb0Q=="],

    "fast-check": ["fast-check@4.9.0", "", { "dependencies": { "pure-rand": "^8.0.0" } }, "sha512-7ms6T7SybUev/PQITciI0yLM2pOSFy5zpG8Ty7tQofcVaQUvrMXp6CBwqF6fThLCLOrfBtuHAtwq6Yu4XPCllg=="],

    "global-agent": ["global-agent@4.1.3", "", { "dependencies": { "globalthis": "^1.0.2", "matcher": "^4.0.0", "semver": "^7.3.5", "serialize-error": "^8.1.0" } }, "sha512-KUJEViiuFT3I97t+GYMikLPJS2Lfo/S2F+DQuBWzuzaMPnvt5yyZePzArx36fBzpGTxZjIpDbXLeySLgh+k76g=="],

    "globalthis": ["globalthis@1.0.4", "", { "dependencies": { "define-properties": "^1.2.1", "gopd": "^1.0.1" } }, "sha512-DpLKbNU4WylpxJykQujfCcwYWiV/Jhm50Goo0wrVILAv5jOr9d+H+UR3PhSCD2rCCEIg0uc+G+muBTwD54JhDQ=="],

    "gopd": ["gopd@1.2.0", "", {}, "sha512-ZUKRh6/kUFoAiTAtTYPZJ3hw9wNxx+BIBOijnlG9PnrJsCcSjs1wyyD6vJpaYtgnzDrKYRSqf3OO6Rfa93xsRg=="],

    "has-property-descriptors": ["has-property-descriptors@1.0.2", "", { "dependencies": { "es-define-property": "^1.0.0" } }, "sha512-55JNKuIW+vq4Ke1BjOTjM2YctQIvCT7GFzHwmfZPGo5wnrgkid0YQtnAleFSqumZm4az3n2BS+erby5ipJdgrg=="],

    "is-network-error": ["is-network-error@1.3.2", "", {}, "sha512-PhBY86zaxNZUuWP6h13Vu5oFe0XY6/UlKzQnYFELzGVHygP3MxmvTfYSG7GN3aIab/iWudSMgjSnG9Dq+nHrgA=="],

    "loglevel": ["loglevel@1.9.2", "", {}, "sha512-HgMmCqIJSAKqo68l0rS2AanEWfkxaZ5wNiEFb5ggm08lDs9Xl2KxBlX3PTcaD2chBM1gXAYf491/M2Rv8Jwayg=="],

    "lucide-react": ["lucide-react@1.31.0", "", { "peerDependencies": { "react": "^16.5.1 || ^17.0.0 || ^18.0.0 || ^19.0.0" } }, "sha512-G8u2eEtoHUnUa9f8lbvqDhCiORMnYLdUEo06EEG9MQvHQrInKcX3Pa2TH39MM5qyzRcWETxB0+aOwAPI1g1kEg=="],

    "matcher": ["matcher@4.0.0", "", { "dependencies": { "escape-string-regexp": "^4.0.0" } }, "sha512-S6x5wmcDmsDRRU/c2dkccDwQPXoFczc5+HpQ2lON8pnvHlnvHAHj5WlLVvw6n6vNyHuVugYrFohYxbS+pvFpKQ=="],

    "matrix-encrypt-attachment": ["matrix-encrypt-attachment@1.0.3", "", {}, "sha512-NwfoDY/yHL9Zo8KrY5GP8ymAoZJpEFKEK+IgJKdWf5xtsIFf7KIU2pbw8+Eq592j//nSDOC+/Ff4Fk8gVvDZpw=="],

    "matrix-events-sdk": ["matrix-events-sdk@0.0.1", "", {}, "sha512-1QEOsXO+bhyCroIe2/A5OwaxHvBm7EsSQ46DEDn8RBIfQwN5HWBpFvyWWR4QY0KHPPnnJdI99wgRiAl7Ad5qaA=="],

    "matrix-js-sdk": ["matrix-js-sdk@42.1.0", "", { "dependencies": { "@babel/runtime": "^8.0.0", "@matrix-org/matrix-sdk-crypto-wasm": "^18.4.0", "another-json": "^0.2.0", "bs58": "^6.0.0", "content-type": "^2.0.0", "loglevel": "^1.9.2", "matrix-events-sdk": "0.0.1", "matrix-widget-api": "^1.16.1", "p-retry": "8", "sdp-transform": "^3.0.0", "unhomoglyph": "^1.0.6" } }, "sha512-/lK6XKRyYapgMUpFp0NyFQDnIt303yMNumk/1qBXRhzb43yV9fDPQZDcw++Yp5JcFiYLdFTZh8gS+AI7gxlghg=="],

    "matrix-widget-api": ["matrix-widget-api@1.18.0", "", { "dependencies": { "@types/events": "^3.0.0", "events": "^3.2.0" } }, "sha512-4T2f2koWmx05p1BLcT/9YGGGPSXpPT+PA4Oap/5fjhXsWPxMGJiGL97YpANMYLKsnE1sScYFeuyxIgdc1Qo+Ew=="],

    "msgpackr": ["msgpackr@2.0.5", "", { "optionalDependencies": { "msgpackr-extract": "^3.0.4" } }, "sha512-cef05H/dSYpLpqp3sj/qyZh5vhUYCalnaLO7j1yOmpsR0y/XwLVtK7r5gn+U/F7CTEfMowcGhlUQJDLcLf7jcA=="],

    "msgpackr-extract": ["msgpackr-extract@3.0.4", "", { "dependencies": { "node-gyp-build-optional-packages": "5.2.2" }, "optionalDependencies": { "@msgpackr-extract/msgpackr-extract-darwin-arm64": "3.0.4", "@msgpackr-extract/msgpackr-extract-darwin-x64": "3.0.4", "@msgpackr-extract/msgpackr-extract-linux-arm": "3.0.4", "@msgpackr-extract/msgpackr-extract-linux-arm64": "3.0.4", "@msgpackr-extract/msgpackr-extract-linux-x64": "3.0.4", "@msgpackr-extract/msgpackr-extract-win32-x64": "3.0.4" }, "bin": { "download-msgpackr-prebuilds": "bin/download-prebuilds.js" } }, "sha512-4kmO/MdyUIkLIvTPr8VHLil4AtoKIoniWPIEk5+CDy0xnWC84azhSFmuJ7PxZdsYtiP5kEeQsORAVIeMgxT+Hw=="],

    "node-gyp-build-optional-packages": ["node-gyp-build-optional-packages@5.2.2", "", { "dependencies": { "detect-libc": "^2.0.1" }, "bin": { "node-gyp-build-optional-packages": "bin.js", "node-gyp-build-optional-packages-optional": "optional.js", "node-gyp-build-optional-packages-test": "build-test.js" } }, "sha512-s+w+rBWnpTMwSFbaE0UXsRlg7hU4FjekKU4eyAih5T8nJuNZT1nNsskXpxmeqSK9UzkBl6UgRlnKc8hz8IEqOw=="],

    "object-keys": ["object-keys@1.1.1", "", {}, "sha512-NuAESUOUMrlIXOfHKzD6bpPu3tYt3xvjNdRIQ+FeT0lNb4K8WR70CaDxhuNguS2XG+GjkyMwOzsN5ZktImfhLA=="],

    "onnxruntime-common": ["onnxruntime-common@1.28.0-dev.20260624-ba45260eed", "", {}, "sha512-5QbgnqtJFm86/gJYvADHVrO0h+8uLcHnZADpWxRqXWOxDws2Tt0tZQwdWDJbupyPVg63VYcaCjQF388WTJ2eOQ=="],

    "onnxruntime-node": ["onnxruntime-node@1.28.0-dev.20260624-ba45260eed", "", { "dependencies": { "adm-zip": "^0.5.16", "global-agent": "^4.1.3", "onnxruntime-common": "1.28.0-dev.20260624-ba45260eed" }, "os": [ "linux", "win32", "darwin", ] }, "sha512-JSrlDSCGjeRruTVl5SrqJk49Lg7zPYI4gZ1nGwMYoxlPjOqft82fPfFW5oPswwLdwcFfL6dEwsZGknalgw21tg=="],

    "p-retry": ["p-retry@8.0.0", "", { "dependencies": { "is-network-error": "^1.3.0" } }, "sha512-kFVqH1HxOHp8LupNsOys7bSV09VYTRLxarH/mokO4Rqhk6wGi70E0jh4VzvVGXfEVNggHoHLAMWsQqHyU1Ey9A=="],

    "pure-rand": ["pure-rand@8.4.2", "", {}, "sha512-vvuOGgcuPJAirlHvuQw1TrOiw7ptaIXXmIbNuiNOY6lNGJJH49PQ1Kj4nd783nPdQhQdicgOjVI2yI/9BD6/Ng=="],

    "react": ["react@19.2.8", "", {}, "sha512-PWaYA1L/q9u2u7xYQi+Y3L3Yfnie7XyLeaJICV1MGD6LprsBxcAqGjYyr0eY3p+QdsA+x/Irkt4Qif8D63+Sbw=="],

    "react-dom": ["react-dom@19.2.8", "", { "dependencies": { "scheduler": "^0.27.0" }, "peerDependencies": { "react": "^19.2.8" } }, "sha512-rVprimfGBG3DR+Tq0IQG2DT5PxKth1WIGDmj5yPmlzr4YBe7uyE+Du4oVqTDXZSHGGGXRtTJEGSSePyQCMBglQ=="],

    "scheduler": ["scheduler@0.27.0", "", {}, "sha512-eNv+WrVbKu1f3vbYJT/xtiF5syA5HPIMtf9IgY/nKg0sWqzAUEvqY/xm7OcZc/qafLx/iO9FgOmeSAp4v5ti/Q=="],

    "sdp-transform": ["sdp-transform@3.0.0", "", { "bin": { "sdp-verify": "checker.js" } }, "sha512-gfYVRGxjHkGF2NPeUWHw5u6T/KGFtS5/drPms73gaSuMaVHKCY3lpLnGDfswVQO0kddeePoti09AwhYP4zA8dQ=="],

    "semver": ["semver@7.8.5", "", { "bin": { "semver": "bin/semver.js" } }, "sha512-Y7/KDsb8LjooZpwaqGyulO6DQlksgCncchHGk+sZIY4SBvUocMBEFH5Ur1fI4dV+Jvl0w6cjvucaIi40puRioA=="],

    "serialize-error": ["serialize-error@8.1.0", "", { "dependencies": { "type-fest": "^0.20.2" } }, "sha512-3NnuWfM6vBYoy5gZFvHiYsVbafvI9vZv/+jlIigFn4oP4zjNPK3LhcY0xSCgeb1a5L8jO71Mit9LlNoi2UfDDQ=="],

    "sharp": ["sharp@0.35.3", "", { "dependencies": { "@img/colour": "^1.1.0", "detect-libc": "^2.1.2", "semver": "^7.8.5" }, "optionalDependencies": { "@img/sharp-darwin-arm64": "0.35.3", "@img/sharp-darwin-x64": "0.35.3", "@img/sharp-freebsd-wasm32": "0.35.3", "@img/sharp-libvips-darwin-arm64": "1.3.2", "@img/sharp-libvips-darwin-x64": "1.3.2", "@img/sharp-libvips-linux-arm": "1.3.2", "@img/sharp-libvips-linux-arm64": "1.3.2", "@img/sharp-libvips-linux-ppc64": "1.3.2", "@img/sharp-libvips-linux-riscv64": "1.3.2", "@img/sharp-libvips-linux-s390x": "1.3.2", "@img/sharp-libvips-linux-x64": "1.3.2", "@img/sharp-libvips-linuxmusl-arm64": "1.3.2", "@img/sharp-libvips-linuxmusl-x64": "1.3.2", "@img/sharp-linux-arm": "0.35.3", "@img/sharp-linux-arm64": "0.35.3", "@img/sharp-linux-ppc64": "0.35.3", "@img/sharp-linux-riscv64": "0.35.3", "@img/sharp-linux-s390x": "0.35.3", "@img/sharp-linux-x64": "0.35.3", "@img/sharp-linuxmusl-arm64": "0.35.3", "@img/sharp-linuxmusl-x64": "0.35.3", "@img/sharp-webcontainers-wasm32": "0.35.3", "@img/sharp-win32-arm64": "0.35.3", "@img/sharp-win32-ia32": "0.35.3", "@img/sharp-win32-x64": "0.35.3" }, "peerDependencies": { "@types/node": "*" }, "optionalPeers": ["@types/node"] }, "sha512-ej0zVHuZGHCiABXcNxeYhpRnPNPAcvbG8RMdBAhDAxLKkCRVSpK3Iyu7qbqw3JMzoj0REeM6f3tJLtVwl0023Q=="],

    "tslib": ["tslib@2.8.1", "", {}, "sha512-oJFu94HQb+KVduSUQL7wnpmqnfmLsOA/nAh6b6EH0wCEoK0/mPeXU6c3wKDV83MkOuHPRHtSXKKU99IBazS/2w=="],

    "type-fest": ["type-fest@0.20.2", "", {}, "sha512-Ne+eE4r0/iWnpAxD852z3A+N0Bt5RN//NjJwRd2VFHEmrywxf5vsZlh4R6lixl6B+wz/8d+maTSAkN1FIkI3LQ=="],

    "typescript": ["typescript@7.0.2", "", { "optionalDependencies": { "@typescript/typescript-aix-ppc64": "7.0.2", "@typescript/typescript-darwin-arm64": "7.0.2", "@typescript/typescript-darwin-x64": "7.0.2", "@typescript/typescript-freebsd-arm64": "7.0.2", "@typescript/typescript-freebsd-x64": "7.0.2", "@typescript/typescript-linux-arm": "7.0.2", "@typescript/typescript-linux-arm64": "7.0.2", "@typescript/typescript-linux-loong64": "7.0.2", "@typescript/typescript-linux-mips64el": "7.0.2", "@typescript/typescript-linux-ppc64": "7.0.2", "@typescript/typescript-linux-riscv64": "7.0.2", "@typescript/typescript-linux-s390x": "7.0.2", "@typescript/typescript-linux-x64": "7.0.2", "@typescript/typescript-netbsd-arm64": "7.0.2", "@typescript/typescript-netbsd-x64": "7.0.2", "@typescript/typescript-openbsd-arm64": "7.0.2", "@typescript/typescript-openbsd-x64": "7.0.2", "@typescript/typescript-sunos-x64": "7.0.2", "@typescript/typescript-win32-arm64": "7.0.2", "@typescript/typescript-win32-x64": "7.0.2" }, "bin": { "tsc": "bin/tsc" } }, "sha512-8FYau96o3NKOhbjKi/qNvG/W5jhzxkbdm5sj9AbZ/5T5sWqn3hJgLfGx27sRKZWTvyzCP8dLRBTf5tBTSRVUNA=="],

    "undici-types": ["undici-types@8.3.0", "", {}, "sha512-j375ScV60dom+YkPFIfTLcOiPxkN/buHz5GobjLhixFuANaNs3C9l4GmrWqejgXWJ7BbJcFYpTEUkS1Ge8bpZQ=="],

    "unhomoglyph": ["unhomoglyph@1.0.6", "", {}, "sha512-7uvcWI3hWshSADBu4JpnyYbTVc7YlhF5GDW/oPD5AxIxl34k4wXR3WDkPnzLxkN32LiTCTKMQLtKVZiwki3zGg=="],

    "ws": ["ws@8.21.3", "", { "peerDependencies": { "bufferutil": "^4.0.1", "utf-8-validate": ">=5.0.2" }, "optionalPeers": ["bufferutil", "utf-8-validate"] }, "sha512-201TZ/kPWxoPr/OKWjquZR1SWKXcvxdH+e1xrx89b3YbmzLMFCLfnaG1HFIgWzJOEWZ7MvpK++odZufgYR50Rw=="],
  }
}
